
Microsoft Visual Studio Solution File, Format Version 12.00
# Visual Studio 15
VisualStudioVersion = 15.0.27703.2035
MinimumVisualStudioVersion = 10.0.40219.1
Project("{FAE04EC0-301F-11D3-BF4B-00C04F79EFBC}") = "QuickControlPanel", "QuickControlPanel\QuickControlPanel.csproj", "{588FFF2C-D47A-4BE1-9711-7ACD1073A8F3}"
EndProject
Global
	GlobalSection(SolutionConfigurationPlatforms) = preSolution
		Debug|Any CPU = Debug|Any CPU
		Release|Any CPU = Release|Any CPU
	EndGlobalSection
	GlobalSection(ProjectConfigurationPlatforms) = postSolution
		{588FFF2C-D47A-4BE1-9711-7ACD1073A8F3}.Debug|Any CPU.ActiveCfg = Debug|Any CPU
		{588FFF2C-D47A-4BE1-9711-7ACD1073A8F3}.Debug|Any CPU.Build.0 = Debug|Any CPU
		{588FFF2C-D47A-4BE1-9711-7ACD1073A8F3}.Release|Any CPU.ActiveCfg = Release|Any CPU
		{588FFF2C-D47A-4BE1-9711-7ACD1073A8F3}.Release|Any CPU.Build.0 = Release|Any CPU
	EndGlobalSection
	GlobalSection(SolutionProperties) = preSolution
		HideSolutionNode = FALSE
	EndGlobalSection
	GlobalSection(ExtensibilityGlobals) = postSolution
		SolutionGuid = {046B9C43-BA09-478D-95B8-D9B47F8F7DCB}
	EndGlobalSection
EndGlobal
